{
    "_readme": [
        "This file locks the dependencies of your project to a known state",
        "Read more about it at https://getcomposer.org/doc/01-basic-usage.md#installing-dependencies",
        "This file is @generated automatically"
    ],
    "content-hash": "426e95f04927697075367841d90c63a1",
    "packages": [
        {
            "name": "coffeecode/datalayer",
            "version": "2.0.6",
            "source": {
                "type": "git",
                "url": "https://github.com/robsonvleite/datalayer.git",
                "reference": "acd0282698a9a16846c0bee72dcec0284fdc6600"
            },
            "dist": {
                "type": "zip",
                "url": "https://api.github.com/repos/robsonvleite/datalayer/zipball/acd0282698a9a16846c0bee72dcec0284fdc6600",
                "reference": "acd0282698a9a16846c0bee72dcec0284fdc6600",
                "shasum": ""
            },
            "require": {
                "ext-pdo": "*",
                "php": ">=8.0"
            },
            "type": "library",
            "autoload": {
                "psr-4": {
                    "CoffeeCode\\DataLayer\\": "src"
                }
            },
            "notification-url": "https://packagist.org/downloads/",
            "license": [
                "MIT"
            ],
            "authors": [
                {
                    "name": "Robson V. Leite",
                    "email": "cursos@upinside.com.br",
                    "role": "Developer"
                }
            ],
            "description": "The data layer is a persistent abstraction component of your database that PDO",
            "homepage": "https://www.upinside.com.br",
            "keywords": [
                "Coffeecode",
                "crud",
                "database",
                "delete",
                "destroy",
                "pdo",
                "save",
                "upinside"
            ],
            "support": {
                "issues": "https://github.com/robsonvleite/datalayer/issues",
                "source": "https://github.com/robsonvleite/datalayer/tree/2.0.6"
            },
            "time": "2022-04-13T23:41:55+00:00"
        }
    ],
    "packages-dev": [],
    "aliases": [],
    "minimum-stability": "stable",
    "stability-flags": [],
    "prefer-stable": false,
    "prefer-lowest": false,
    "platform": [],
    "platform-dev": [],
    "plugin-api-version": "2.3.0"
}
